// !$*UTF8*$!
{
	archiveVersion = 1;
	classes = {
	};
	objectVersion = 46;
	objects = {

/* Begin PBXBuildFile section */
		FC99F4121B0C5E9800785592 /* main.m in Sources */ = {isa = PBXBuildFile; fileRef = FC99F4111B0C5E9800785592 /* main.m */; };
		FC99F4151B0C5E9800785592 /* AppDelegate.m in Sources */ = {isa = PBXBuildFile; fileRef = FC99F4141B0C5E9800785592 /* AppDelegate.m */; };
		FC99F4181B0C5E9800785592 /* ______.xcdatamodeld in Sources */ = {isa = PBXBuildFile; fileRef = FC99F4161B0C5E9800785592 /* ______.xcdatamodeld */; };
		FC99F41B1B0C5E9800785592 /* ViewController.m in Sources */ = {isa = PBXBuildFile; fileRef = FC99F41A1B0C5E9800785592 /* ViewController.m */; };
		FC99F41E1B0C5E9800785592 /* Main.storyboard in Resources */ = {isa = PBXBuildFile; fileRef = FC99F41C1B0C5E9800785592 /* Main.storyboard */; };
		FC99F4201B0C5E9800785592 /* Images.xcassets in Resources */ = {isa = PBXBuildFile; fileRef = FC99F41F1B0C5E9800785592 /* Images.xcassets */; };
		FC99F4231B0C5E9800785592 /* LaunchScreen.xib in Resources */ = {isa = PBXBuildFile; fileRef = FC99F4211B0C5E9800785592 /* LaunchScreen.xib */; };
		FC99F42F1B0C5E9800785592 /* ______Tests.m in Sources */ = {isa = PBXBuildFile; fileRef = FC99F42E1B0C5E9800785592 /* ______Tests.m */; };
/* End PBXBuildFile section */

/* Begin PBXContainerItemProxy section */
		FC99F4291B0C5E9800785592 /* PBXContainerItemProxy */ = {
			isa = PBXContainerItemProxy;
			containerPortal = FC99F4041B0C5E9800785592 /* Project object */;
			proxyType = 1;
			remoteGlobalIDString = FC99F40B1B0C5E9800785592;
			remoteInfo = "周三旅游驿站";
		};
/* End PBXContainerItemProxy section */

/* Begin PBXFileReference section */
		FC99F40C1B0C5E9800785592 /* 周三旅游驿站.app */ = {isa = PBXFileReference; explicitFileType = wrapper.application; includeInIndex = 0; path = "周三旅游驿站.app"; sourceTree = BUILT_PRODUCTS_DIR; };
		FC99F4101B0C5E9800785592 /* Info.plist */ = {isa = PBXFileReference; lastKnownFileType = text.plist.xml; path = Info.plist; sourceTree = "<group>"; };
		FC99F4111B0C5E9800785592 /* main.m */ = {isa = PBXFileReference; lastKnownFileType = sourcecode.c.objc; path = main.m; sourceTree = "<group>"; };
		FC99F4131B0C5E9800785592 /* AppDelegate.h */ = {isa = PBXFileReference; lastKnownFileType = sourcecode.c.h; path = AppDelegate.h; sourceTree = "<group>"; };
		FC99F4141B0C5E9800785592 /* AppDelegate.m */ = {isa = PBXFileReference; lastKnownFileType = sourcecode.c.objc; path = AppDelegate.m; sourceTree = "<group>"; };
		FC99F4171B0C5E9800785592 /* ______.xcdatamodel */ = {isa = PBXFileReference; lastKnownFileType = wrapper.xcdatamodel; path = "______.xcdatamodel"; sourceTree = "<group>"; };
		FC99F4191B0C5E9800785592 /* ViewController.h */ = {isa = PBXFileReference; lastKnownFileType = sourcecode.c.h; path = ViewController.h; sourceTree = "<group>"; };
		FC99F41A1B0C5E9800785592 /* ViewController.m */ = {isa = PBXFileReference; lastKnownFileType = sourcecode.c.objc; path = ViewController.m; sourceTree = "<group>"; };
		FC99F41D1B0C5E9800785592 /* Base */ = {isa = PBXFileReference; lastKnownFileType = file.storyboard; name = Base; path = Base.lproj/Main.storyboard; sourceTree = "<group>"; };
		FC99F41F1B0C5E9800785592 /* Images.xcassets */ = {isa = PBXFileReference; lastKnownFileType = folder.assetcatalog; path = Images.xcassets; sourceTree = "<group>"; };
		FC99F4221B0C5E9800785592 /* Base */ = {isa = PBXFileReference; lastKnownFileType = file.xib; name = Base; path = Base.lproj/LaunchScreen.xib; sourceTree = "<group>"; };
		FC99F4281B0C5E9800785592 /* 周三旅游驿站Tests.xctest */ = {isa = PBXFileReference; explicitFileType = wrapper.cfbundle; includeInIndex = 0; path = "周三旅游驿站Tests.xctest"; sourceTree = BUILT_PRODUCTS_DIR; };
		FC99F42D1B0C5E9800785592 /* Info.plist */ = {isa = PBXFileReference; lastKnownFileType = text.plist.xml; path = Info.plist; sourceTree = "<group>"; };
		FC99F42E1B0C5E9800785592 /* ______Tests.m */ = {isa = PBXFileReference; lastKnownFileType = sourcecode.c.objc; path = "______Tests.m"; sourceTree = "<group>"; };
/* End PBXFileReference section */

/* Begin PBXFrameworksBuildPhase section */
		FC99F4091B0C5E9800785592 /* Frameworks */ = {
			isa = PBXFrameworksBuildPhase;
			buildActionMask = 2147483647;
			files = (
			);
			runOnlyForDeploymentPostprocessing = 0;
		};
		FC99F4251B0C5E9800785592 /* Frameworks */ = {
			isa = PBXFrameworksBuildPhase;
			buildActionMask = 2147483647;
			files = (
			);
			runOnlyForDeploymentPostprocessing = 0;
		};
/* End PBXFrameworksBuildPhase section */

/* Begin PBXGroup section */
		FC99F4031B0C5E9800785592 = {
			isa = PBXGroup;
			children = (
				FC99F40E1B0C5E9800785592 /* 周三旅游驿站 */,
				FC99F42B1B0C5E9800785592 /* 周三旅游驿站Tests */,
				FC99F40D1B0C5E9800785592 /* Products */,
			);
			sourceTree = "<group>";
		};
		FC99F40D1B0C5E9800785592 /* Products */ = {
			isa = PBXGroup;
			children = (
				FC99F40C1B0C5E9800785592 /* 周三旅游驿站.app */,
				FC99F4281B0C5E9800785592 /* 周三旅游驿站Tests.xctest */,
			);
			name = Products;
			sourceTree = "<group>";
		};
		FC99F40E1B0C5E9800785592 /* 周三旅游驿站 */ = {
			isa = PBXGroup;
			children = (
				FC99F4131B0C5E9800785592 /* AppDelegate.h */,
				FC99F4141B0C5E9800785592 /* AppDelegate.m */,
				FC99F4191B0C5E9800785592 /* ViewController.h */,
				FC99F41A1B0C5E9800785592 /* ViewController.m */,
				FC99F41C1B0C5E9800785592 /* Main.storyboard */,
				FC99F41F1B0C5E9800785592 /* Images.xcassets */,
				FC99F4211B0C5E9800785592 /* LaunchScreen.xib */,
				FC99F4161B0C5E9800785592 /* ______.xcdatamodeld */,
				FC99F40F1B0C5E9800785592 /* Supporting Files */,
			);
			path = "周三旅游驿站";
			sourceTree = "<group>";
		};
		FC99F40F1B0C5E9800785592 /* Supporting Files */ = {
			isa = PBXGroup;
			children = (
				FC99F4101B0C5E9800785592 /* Info.plist */,
				FC99F4111B0C5E9800785592 /* main.m */,
			);
			name = "Supporting Files";
			sourceTree = "<group>";
		};
		FC99F42B1B0C5E9800785592 /* 周三旅游驿站Tests */ = {
			isa = PBXGroup;
			children = (
				FC99F42E1B0C5E9800785592 /* ______Tests.m */,
				FC99F42C1B0C5E9800785592 /* Supporting Files */,
			);
			path = "周三旅游驿站Tests";
			sourceTree = "<group>";
		};
		FC99F42C1B0C5E9800785592 /* Supporting Files */ = {
			isa = PBXGroup;
			children = (
				FC99F42D1B0C5E9800785592 /* Info.plist */,
			);
			name = "Supporting Files";
			sourceTree = "<group>";
		};
/* End PBXGroup section */

/* Begin PBXNativeTarget section */
		FC99F40B1B0C5E9800785592 /* 周三旅游驿站 */ = {
			isa = PBXNativeTarget;
			buildConfigurationList = FC99F4321B0C5E9800785592 /* Build configuration list for PBXNativeTarget "周三旅游驿站" */;
			buildPhases = (
				FC99F4081B0C5E9800785592 /* Sources */,
				FC99F4091B0C5E9800785592 /* Frameworks */,
				FC99F40A1B0C5E9800785592 /* Resources */,
			);
			buildRules = (
			);
			dependencies = (
			);
			name = "周三旅游驿站";
			productName = "周三旅游驿站";
			productReference = FC99F40C1B0C5E9800785592 /* 周三旅游驿站.app */;
			productType = "com.apple.product-type.application";
		};
		FC99F4271B0C5E9800785592 /* 周三旅游驿站Tests */ = {
			isa = PBXNativeTarget;
			buildConfigurationList = FC99F4351B0C5E9800785592 /* Build configuration list for PBXNativeTarget "周三旅游驿站Tests" */;
			buildPhases = (
				FC99F4241B0C5E9800785592 /* Sources */,
				FC99F4251B0C5E9800785592 /* Frameworks */,
				FC99F4261B0C5E9800785592 /* Resources */,
			);
			buildRules = (
			);
			dependencies = (
				FC99F42A1B0C5E9800785592 /* PBXTargetDependency */,
			);
			name = "周三旅游驿站Tests";
			productName = "周三旅游驿站Tests";
			productReference = FC99F4281B0C5E9800785592 /* 周三旅游驿站Tests.xctest */;
			productType = "com.apple.product-type.bundle.unit-test";
		};
/* End PBXNativeTarget section */

/* Begin PBXProject section */
		FC99F4041B0C5E9800785592 /* Project object */ = {
			isa = PBXProject;
			attributes = {
				LastUpgradeCheck = 0620;
				ORGANIZATIONNAME = Mcking;
				TargetAttributes = {
					FC99F40B1B0C5E9800785592 = {
						CreatedOnToolsVersion = 6.2;
					};
					FC99F4271B0C5E9800785592 = {
						CreatedOnToolsVersion = 6.2;
						TestTargetID = FC99F40B1B0C5E9800785592;
					};
				};
			};
			buildConfigurationList = FC99F4071B0C5E9800785592 /* Build configuration list for PBXProject "周三旅游驿站" */;
			compatibilityVersion = "Xcode 3.2";
			developmentRegion = English;
			hasScannedForEncodings = 0;
			knownRegions = (
				en,
				Base,
			);
			mainGroup = FC99F4031B0C5E9800785592;
			productRefGroup = FC99F40D1B0C5E9800785592 /* Products */;
			projectDirPath = "";
			projectRoot = "";
			targets = (
				FC99F40B1B0C5E9800785592 /* 周三旅游驿站 */,
				FC99F4271B0C5E9800785592 /* 周三旅游驿站Tests */,
			);
		};
/* End PBXProject section */

/* Begin PBXResourcesBuildPhase section */
		FC99F40A1B0C5E9800785592 /* Resources */ = {
			isa = PBXResourcesBuildPhase;
			buildActionMask = 2147483647;
			files = (
				FC99F41E1B0C5E9800785592 /* Main.storyboard in Resources */,
				FC99F4231B0C5E9800785592 /* LaunchScreen.xib in Resources */,
				FC99F4201B0C5E9800785592 /* Images.xcassets in Resources */,
			);
			runOnlyForDeploymentPostprocessing = 0;
		};
		FC99F4261B0C5E9800785592 /* Resources */ = {
			isa = PBXResourcesBuildPhase;
			buildActionMask = 2147483647;
			files = (
			);
			runOnlyForDeploymentPostprocessing = 0;
		};
/* End PBXResourcesBuildPhase section */

/* Begin PBXSourcesBuildPhase section */
		FC99F4081B0C5E9800785592 /* Sources */ = {
			isa = PBXSourcesBuildPhase;
			buildActionMask = 2147483647;
			files = (
				FC99F4181B0C5E9800785592 /* ______.xcdatamodeld in Sources */,
				FC99F4151B0C5E9800785592 /* AppDelegate.m in Sources */,
				FC99F41B1B0C5E9800785592 /* ViewController.m in Sources */,
				FC99F4121B0C5E9800785592 /* main.m in Sources */,
			);
			runOnlyForDeploymentPostprocessing = 0;
		};
		FC99F4241B0C5E9800785592 /* Sources */ = {
			isa = PBXSourcesBuildPhase;
			buildActionMask = 2147483647;
			files = (
				FC99F42F1B0C5E9800785592 /* ______Tests.m in Sources */,
			);
			runOnlyForDeploymentPostprocessing = 0;
		};
/* End PBXSourcesBuildPhase section */

/* Begin PBXTargetDependency section */
		FC99F42A1B0C5E9800785592 /* PBXTargetDependency */ = {
			isa = PBXTargetDependency;
			target = FC99F40B1B0C5E9800785592 /* 周三旅游驿站 */;
			targetProxy = FC99F4291B0C5E9800785592 /* PBXContainerItemProxy */;
		};
/* End PBXTargetDependency section */

/* Begin PBXVariantGroup section */
		FC99F41C1B0C5E9800785592 /* Main.storyboard */ = {
			isa = PBXVariantGroup;
			children = (
				FC99F41D1B0C5E9800785592 /* Base */,
			);
			name = Main.storyboard;
			sourceTree = "<group>";
		};
		FC99F4211B0C5E9800785592 /* LaunchScreen.xib */ = {
			isa = PBXVariantGroup;
			children = (
				FC99F4221B0C5E9800785592 /* Base */,
			);
			name = LaunchScreen.xib;
			sourceTree = "<group>";
		};
/* End PBXVariantGroup section */

/* Begin XCBuildConfiguration section */
		FC99F4301B0C5E9800785592 /* Debug */ = {
			isa = XCBuildConfiguration;
			buildSettings = {
				ALWAYS_SEARCH_USER_PATHS = NO;
				CLANG_CXX_LANGUAGE_STANDARD = "gnu++0x";
				CLANG_CXX_LIBRARY = "libc++";
				CLANG_ENABLE_MODULES = YES;
				CLANG_ENABLE_OBJC_ARC = YES;
				CLANG_WARN_BOOL_CONVERSION = YES;
				CLANG_WARN_CONSTANT_CONVERSION = YES;
				CLANG_WARN_DIRECT_OBJC_ISA_USAGE = YES_ERROR;
				CLANG_WARN_EMPTY_BODY = YES;
				CLANG_WARN_ENUM_CONVERSION = YES;
				CLANG_WARN_INT_CONVERSION = YES;
				CLANG_WARN_OBJC_ROOT_CLASS = YES_ERROR;
				CLANG_WARN_UNREACHABLE_CODE = YES;
				CLANG_WARN__DUPLICATE_METHOD_MATCH = YES;
				"CODE_SIGN_IDENTITY[sdk=iphoneos*]" = "iPhone Developer";
				COPY_PHASE_STRIP = NO;
				ENABLE_STRICT_OBJC_MSGSEND = YES;
				GCC_C_LANGUAGE_STANDARD = gnu99;
				GCC_DYNAMIC_NO_PIC = NO;
				GCC_OPTIMIZATION_LEVEL = 0;
				GCC_PREPROCESSOR_DEFINITIONS = (
					"DEBUG=1",
					"$(inherited)",
				);
				GCC_SYMBOLS_PRIVATE_EXTERN = NO;
				GCC_WARN_64_TO_32_BIT_CONVERSION = YES;
				GCC_WARN_ABOUT_RETURN_TYPE = YES_ERROR;
				GCC_WARN_UNDECLARED_SELECTOR = YES;
				GCC_WARN_UNINITIALIZED_AUTOS = YES_AGGRESSIVE;
				GCC_WARN_UNUSED_FUNCTION = YES;
				GCC_WARN_UNUSED_VARIABLE = YES;
				IPHONEOS_DEPLOYMENT_TARGET = 8.2;
				MTL_ENABLE_DEBUG_INFO = YES;
				ONLY_ACTIVE_ARCH = YES;
				SDKROOT = iphoneos;
			};
			name = Debug;
		};
		FC99F4311B0C5E9800785592 /* Release */ = {
			isa = XCBuildConfiguration;
			buildSettings = {
				ALWAYS_SEARCH_USER_PATHS = NO;
				CLANG_CXX_LANGUAGE_STANDARD = "gnu++0x";
				CLANG_CXX_LIBRARY = "libc++";
				CLANG_ENABLE_MODULES = YES;
				CLANG_ENABLE_OBJC_ARC = YES;
				CLANG_WARN_BOOL_CONVERSION = YES;
				CLANG_WARN_CONSTANT_CONVERSION = YES;
				CLANG_WARN_DIRECT_OBJC_ISA_USAGE = YES_ERROR;
				CLANG_WARN_EMPTY_BODY = YES;
				CLANG_WARN_ENUM_CONVERSION = YES;
				CLANG_WARN_INT_CONVERSION = YES;
				CLANG_WARN_OBJC_ROOT_CLASS = YES_ERROR;
				CLANG_WARN_UNREACHABLE_CODE = YES;
				CLANG_WARN__DUPLICATE_METHOD_MATCH = YES;
				"CODE_SIGN_IDENTITY[sdk=iphoneos*]" = "iPhone Developer";
				COPY_PHASE_STRIP = NO;
				ENABLE_NS_ASSERTIONS = NO;
				ENABLE_STRICT_OBJC_MSGSEND = YES;
				GCC_C_LANGUAGE_STANDARD = gnu99;
				GCC_WARN_64_TO_32_BIT_CONVERSION = YES;
				GCC_WARN_ABOUT_RETURN_TYPE = YES_ERROR;
				GCC_WARN_UNDECLARED_SELECTOR = YES;
				GCC_WARN_UNINITIALIZED_AUTOS = YES_AGGRESSIVE;
				GCC_WARN_UNUSED_FUNCTION = YES;
				GCC_WARN_UNUSED_VARIABLE = YES;
				IPHONEOS_DEPLOYMENT_TARGET = 8.2;
				MTL_ENABLE_DEBUG_INFO = NO;
				SDKROOT = iphoneos;
				VALIDATE_PRODUCT = YES;
			};
			name = Release;
		};
		FC99F4331B0C5E9800785592 /* Debug */ = {
			isa = XCBuildConfiguration;
			buildSettings = {
				ASSETCATALOG_COMPILER_APPICON_NAME = AppIcon;
				INFOPLIST_FILE = "周三旅游驿站/Info.plist";
				LD_RUNPATH_SEARCH_PATHS = "$(inherited) @executable_path/Frameworks";
				PRODUCT_NAME = "$(TARGET_NAME)";
			};
			name = Debug;
		};
		FC99F4341B0C5E9800785592 /* Release */ = {
			isa = XCBuildConfiguration;
			buildSettings = {
				ASSETCATALOG_COMPILER_APPICON_NAME = AppIcon;
				INFOPLIST_FILE = "周三旅游驿站/Info.plist";
				LD_RUNPATH_SEARCH_PATHS = "$(inherited) @executable_path/Frameworks";
				PRODUCT_NAME = "$(TARGET_NAME)";
			};
			name = Release;
		};
		FC99F4361B0C5E9800785592 /* Debug */ = {
			isa = XCBuildConfiguration;
			buildSettings = {
				BUNDLE_LOADER = "$(TEST_HOST)";
				FRAMEWORK_SEARCH_PATHS = (
					"$(SDKROOT)/Developer/Library/Frameworks",
					"$(inherited)",
				);
				GCC_PREPROCESSOR_DEFINITIONS = (
					"DEBUG=1",
					"$(inherited)",
				);
				INFOPLIST_FILE = "周三旅游驿站Tests/Info.plist";
				LD_RUNPATH_SEARCH_PATHS = "$(inherited) @executable_path/Frameworks @loader_path/Frameworks";
				PRODUCT_NAME = "$(TARGET_NAME)";
				TEST_HOST = "$(BUILT_PRODUCTS_DIR)/周三旅游驿站.app/周三旅游驿站";
			};
			name = Debug;
		};
		FC99F4371B0C5E9800785592 /* Release */ = {
			isa = XCBuildConfiguration;
			buildSettings = {
				BUNDLE_LOADER = "$(TEST_HOST)";
				FRAMEWORK_SEARCH_PATHS = (
					"$(SDKROOT)/Developer/Library/Frameworks",
					"$(inherited)",
				);
				INFOPLIST_FILE = "周三旅游驿站Tests/Info.plist";
				LD_RUNPATH_SEARCH_PATHS = "$(inherited) @executable_path/Frameworks @loader_path/Frameworks";
				PRODUCT_NAME = "$(TARGET_NAME)";
				TEST_HOST = "$(BUILT_PRODUCTS_DIR)/周三旅游驿站.app/周三旅游驿站";
			};
			name = Release;
		};
/* End XCBuildConfiguration section */

/* Begin XCConfigurationList section */
		FC99F4071B0C5E9800785592 /* Build configuration list for PBXProject "周三旅游驿站" */ = {
			isa = XCConfigurationList;
			buildConfigurations = (
				FC99F4301B0C5E9800785592 /* Debug */,
				FC99F4311B0C5E9800785592 /* Release */,
			);
			defaultConfigurationIsVisible = 0;
			defaultConfigurationName = Release;
		};
		FC99F4321B0C5E9800785592 /* Build configuration list for PBXNativeTarget "周三旅游驿站" */ = {
			isa = XCConfigurationList;
			buildConfigurations = (
				FC99F4331B0C5E9800785592 /* Debug */,
				FC99F4341B0C5E9800785592 /* Release */,
			);
			defaultConfigurationIsVisible = 0;
		};
		FC99F4351B0C5E9800785592 /* Build configuration list for PBXNativeTarget "周三旅游驿站Tests" */ = {
			isa = XCConfigurationList;
			buildConfigurations = (
				FC99F4361B0C5E9800785592 /* Debug */,
				FC99F4371B0C5E9800785592 /* Release */,
			);
			defaultConfigurationIsVisible = 0;
		};
/* End XCConfigurationList section */

/* Begin XCVersionGroup section */
		FC99F4161B0C5E9800785592 /* ______.xcdatamodeld */ = {
			isa = XCVersionGroup;
			children = (
				FC99F4171B0C5E9800785592 /* ______.xcdatamodel */,
			);
			currentVersion = FC99F4171B0C5E9800785592 /* ______.xcdatamodel */;
			path = "______.xcdatamodeld";
			sourceTree = "<group>";
			versionGroupType = wrapper.xcdatamodel;
		};
/* End XCVersionGroup section */
	};
	rootObject = FC99F4041B0C5E9800785592 /* Project object */;
}
